Microsoft Visual Studio Solution File, Format Version 12.00
# Visual Studio Version 17
VisualStudioVersion = 17.5.2.0
MinimumVisualStudioVersion = 10.0.40219.1
Project("{FAE04EC0-301F-11D3-BF4B-00C04F79EFBC}") = "example-app", "example-app\example-app.csproj", "{0DDA5403-9E4B-F7A2-6087-23AE77B1C9E2}"
EndProject
Global
	GlobalSection(SolutionConfigurationPlatforms) = preSolution
		Debug|Any CPU = Debug|Any CPU
		Release|Any CPU = Release|Any CPU
	EndGlobalSection
	GlobalSection(ProjectConfigurationPlatforms) = postSolution
		{0DDA5403-9E4B-F7A2-6087-23AE77B1C9E2}.Debug|Any CPU.ActiveCfg = Debug|Any CPU
		{0DDA5403-9E4B-F7A2-6087-23AE77B1C9E2}.Debug|Any CPU.Build.0 = Debug|Any CPU
		{0DDA5403-9E4B-F7A2-6087-23AE77B1C9E2}.Release|Any CPU.ActiveCfg = Release|Any CPU
		{0DDA5403-9E4B-F7A2-6087-23AE77B1C9E2}.Release|Any CPU.Build.0 = Release|Any CPU
	EndGlobalSection
	GlobalSection(SolutionProperties) = preSolution
		HideSolutionNode = FALSE
	EndGlobalSection
	GlobalSection(ExtensibilityGlobals) = postSolution
		SolutionGuid = {CB37031E-F70D-4788-B074-54AC532DA9C7}
	EndGlobalSection
EndGlobal
